
Microsoft Visual Studio Solution File, Format Version 12.00
# Visual Studio Version 16
VisualStudioVersion = 16.0.30717.126
MinimumVisualStudioVersion = 10.0.40219.1
Project("{FAE04EC0-301F-11D3-BF4B-00C04F79EFBC}") = "InitialStartupProject", "InitialStartupProject\InitialStartupProject.csproj", "{8C4B2B39-1D36-41BB-901B-FE51DE32C358}"
EndProject
Global
	GlobalSection(SolutionConfigurationPlatforms) = preSolution
		Debug|Any CPU = Debug|Any CPU
		Release|Any CPU = Release|Any CPU
	EndGlobalSection
	GlobalSection(ProjectConfigurationPlatforms) = postSolution
		{8C4B2B39-1D36-41BB-901B-FE51DE32C358}.Debug|Any CPU.ActiveCfg = Debug|Any CPU
		{8C4B2B39-1D36-41BB-901B-FE51DE32C358}.Debug|Any CPU.Build.0 = Debug|Any CPU
		{8C4B2B39-1D36-41BB-901B-FE51DE32C358}.Release|Any CPU.ActiveCfg = Release|Any CPU
		{8C4B2B39-1D36-41BB-901B-FE51DE32C358}.Release|Any CPU.Build.0 = Release|Any CPU
	EndGlobalSection
	GlobalSection(SolutionProperties) = preSolution
		HideSolutionNode = FALSE
	EndGlobalSection
	GlobalSection(ExtensibilityGlobals) = postSolution
		SolutionGuid = {72368684-7379-488D-A8FA-08D0E39DB9EF}
	EndGlobalSection
EndGlobal
